
Microsoft Visual Studio Solution File, Format Version 12.00
# Visual Studio 2012
Project("{FAE04EC0-301F-11D3-BF4B-00C04F79EFBC}") = "smartgym", "smartgym\smartgym.csproj", "{A5306262-67D7-4928-998C-30261687D87E}"
EndProject
Global
	GlobalSection(SolutionConfigurationPlatforms) = preSolution
		Debug|Any CPU = Debug|Any CPU
		Release|Any CPU = Release|Any CPU
	EndGlobalSection
	GlobalSection(ProjectConfigurationPlatforms) = postSolution
		{A5306262-67D7-4928-998C-30261687D87E}.Debug|Any CPU.ActiveCfg = Debug|Any CPU
		{A5306262-67D7-4928-998C-30261687D87E}.Debug|Any CPU.Build.0 = Debug|Any CPU
		{A5306262-67D7-4928-998C-30261687D87E}.Release|Any CPU.ActiveCfg = Release|Any CPU
		{A5306262-67D7-4928-998C-30261687D87E}.Release|Any CPU.Build.0 = Release|Any CPU
	EndGlobalSection
EndGlobal
