
Microsoft Visual Studio Solution File, Format Version 12.00
# Visual Studio 2012
Project("{FAE04EC0-301F-11D3-BF4B-00C04F79EFBC}") = "SmartGym", "SmartGym\SmartGym.csproj", "{3D1F0C48-B643-4B9F-BAC5-DEF8562B3B4C}"
EndProject
Project("{FAE04EC0-301F-11D3-BF4B-00C04F79EFBC}") = "SmartGym.Droid", "Droid\SmartGym.Droid.csproj", "{8C29EF0D-4A65-431A-8196-8590A4C955D0}"
EndProject
Global
	GlobalSection(SolutionConfigurationPlatforms) = preSolution
		Debug|Any CPU = Debug|Any CPU
		Release|Any CPU = Release|Any CPU
	EndGlobalSection
	GlobalSection(ProjectConfigurationPlatforms) = postSolution
		{3D1F0C48-B643-4B9F-BAC5-DEF8562B3B4C}.Debug|Any CPU.ActiveCfg = Debug|Any CPU
		{3D1F0C48-B643-4B9F-BAC5-DEF8562B3B4C}.Debug|Any CPU.Build.0 = Debug|Any CPU
		{3D1F0C48-B643-4B9F-BAC5-DEF8562B3B4C}.Release|Any CPU.ActiveCfg = Release|Any CPU
		{3D1F0C48-B643-4B9F-BAC5-DEF8562B3B4C}.Release|Any CPU.Build.0 = Release|Any CPU
		{8C29EF0D-4A65-431A-8196-8590A4C955D0}.Debug|Any CPU.ActiveCfg = Debug|Any CPU
		{8C29EF0D-4A65-431A-8196-8590A4C955D0}.Debug|Any CPU.Build.0 = Debug|Any CPU
		{8C29EF0D-4A65-431A-8196-8590A4C955D0}.Release|Any CPU.ActiveCfg = Release|Any CPU
		{8C29EF0D-4A65-431A-8196-8590A4C955D0}.Release|Any CPU.Build.0 = Release|Any CPU
	EndGlobalSection
EndGlobal
